
Microsoft Visual Studio Solution File, Format Version 12.00
# Visual Studio Version 17
VisualStudioVersion = 17.3.32819.101
MinimumVisualStudioVersion = 10.0.40219.1
Project("{FAE04EC0-301F-11D3-BF4B-00C04F79EFBC}") = "InterfaceExercise01", "InterfaceExercise01\InterfaceExercise01.csproj", "{CF94EB2E-821C-4362-AC84-DF448601E15C}"
EndProject
Global
	GlobalSection(SolutionConfigurationPlatforms) = preSolution
		Debug|Any CPU = Debug|Any CPU
		Release|Any CPU = Release|Any CPU
	EndGlobalSection
	GlobalSection(ProjectConfigurationPlatforms) = postSolution
		{CF94EB2E-821C-4362-AC84-DF448601E15C}.Debug|Any CPU.ActiveCfg = Debug|Any CPU
		{CF94EB2E-821C-4362-AC84-DF448601E15C}.Debug|Any CPU.Build.0 = Debug|Any CPU
		{CF94EB2E-821C-4362-AC84-DF448601E15C}.Release|Any CPU.ActiveCfg = Release|Any CPU
		{CF94EB2E-821C-4362-AC84-DF448601E15C}.Release|Any CPU.Build.0 = Release|Any CPU
	EndGlobalSection
	GlobalSection(SolutionProperties) = preSolution
		HideSolutionNode = FALSE
	EndGlobalSection
	GlobalSection(ExtensibilityGlobals) = postSolution
		SolutionGuid = {34092F07-9C8D-4C00-A484-D0C8CE4C094E}
	EndGlobalSection
EndGlobal
